
Microsoft Visual Studio Solution File, Format Version 10.00
# Visual Studio 2008
Project("{8BC9CEB8-8B4A-11D0-8D11-00A0C91BC942}") = "TestStackWalk", "TestStackWalk\TestStackWalk.vcproj", "{97D2B7A1-97AD-4C65-9DFB-FB9C752DA6D6}"
EndProject
Global
	GlobalSection(SolutionConfigurationPlatforms) = preSolution
		Debug|Win32 = Debug|Win32
		Release|Win32 = Release|Win32
	EndGlobalSection
	GlobalSection(ProjectConfigurationPlatforms) = postSolution
		{97D2B7A1-97AD-4C65-9DFB-FB9C752DA6D6}.Debug|Win32.ActiveCfg = Debug|Win32
		{97D2B7A1-97AD-4C65-9DFB-FB9C752DA6D6}.Debug|Win32.Build.0 = Debug|Win32
		{97D2B7A1-97AD-4C65-9DFB-FB9C752DA6D6}.Release|Win32.ActiveCfg = Release|Win32
		{97D2B7A1-97AD-4C65-9DFB-FB9C752DA6D6}.Release|Win32.Build.0 = Release|Win32
	EndGlobalSection
	GlobalSection(SolutionProperties) = preSolution
		HideSolutionNode = FALSE
	EndGlobalSection
EndGlobal
